
Microsoft Visual Studio Solution File, Format Version 12.00
# Visual Studio Version 16
VisualStudioVersion = 16.0.32901.82
MinimumVisualStudioVersion = 10.0.40219.1
Project("{FAE04EC0-301F-11D3-BF4B-00C04F79EFBC}") = "Student", "Student\Student.csproj", "{29F84275-8CB5-4F8A-A024-402B56BA6C83}"
EndProject
Global
	GlobalSection(SolutionConfigurationPlatforms) = preSolution
		Debug|Any CPU = Debug|Any CPU
		Release|Any CPU = Release|Any CPU
	EndGlobalSection
	GlobalSection(ProjectConfigurationPlatforms) = postSolution
		{29F84275-8CB5-4F8A-A024-402B56BA6C83}.Debug|Any CPU.ActiveCfg = Debug|Any CPU
		{29F84275-8CB5-4F8A-A024-402B56BA6C83}.Debug|Any CPU.Build.0 = Debug|Any CPU
		{29F84275-8CB5-4F8A-A024-402B56BA6C83}.Release|Any CPU.ActiveCfg = Release|Any CPU
		{29F84275-8CB5-4F8A-A024-402B56BA6C83}.Release|Any CPU.Build.0 = Release|Any CPU
	EndGlobalSection
	GlobalSection(SolutionProperties) = preSolution
		HideSolutionNode = FALSE
	EndGlobalSection
	GlobalSection(ExtensibilityGlobals) = postSolution
		SolutionGuid = {2880D3CB-5B8B-4271-B5DA-78C432782971}
	EndGlobalSection
EndGlobal
